// !$*UTF8*$!
{
	archiveVersion = 1;
	classes = {
	};
	objectVersion = 46;
	objects = {

/* Begin PBXBuildFile section */
		88DC84DF1D9ED1D4008F174D /* keychain_pkcs11.c in Sources */ = {isa = PBXBuildFile; fileRef = 88DC84DE1D9ED1D4008F174D /* keychain_pkcs11.c */; };
		88DC84E11D9ED1FB008F174D /* keychain_pkcs11.h in Headers */ = {isa = PBXBuildFile; fileRef = 88DC84E01D9ED1FB008F174D /* keychain_pkcs11.h */; };
		88DC84EA1D9EE097008F174D /* pkcs11.h in Headers */ = {isa = PBXBuildFile; fileRef = 88DC84E81D9EE07F008F174D /* pkcs11.h */; };
		88DC84ED1D9EE11C008F174D /* constants.h in Headers */ = {isa = PBXBuildFile; fileRef = 88DC84EB1D9EE11C008F174D /* constants.h */; };
		88DC84EE1D9EE11C008F174D /* support_funcs.h in Headers */ = {isa = PBXBuildFile; fileRef = 88DC84EC1D9EE11C008F174D /* support_funcs.h */; };
		88DC84F01D9EE26B008F174D /* types.h in Headers */ = {isa = PBXBuildFile; fileRef = 88DC84EF1D9EE26B008F174D /* types.h */; };
		88DC84F21D9EE3B2008F174D /* debug.h in Headers */ = {isa = PBXBuildFile; fileRef = 88DC84F11D9EE3B2008F174D /* debug.h */; };
		88DC84F71D9EEF64008F174D /* debug.c in Sources */ = {isa = PBXBuildFile; fileRef = 88DC84F51D9EEF64008F174D /* debug.c */; };
		88DC84F81D9EEF64008F174D /* support_funcs.c in Sources */ = {isa = PBXBuildFile; fileRef = 88DC84F61D9EEF64008F174D /* support_funcs.c */; };
		88DC84FA1D9EF3CE008F174D /* preferences.h in Headers */ = {isa = PBXBuildFile; fileRef = 88DC84F91D9EF3CE008F174D /* preferences.h */; };
		88DC84FC1D9EF53A008F174D /* preferences.c in Sources */ = {isa = PBXBuildFile; fileRef = 88DC84FB1D9EF53A008F174D /* preferences.c */; };
		88DC85141D9F082A008F174D /* pkcs11_test.c in Sources */ = {isa = PBXBuildFile; fileRef = 88DC85131D9F082A008F174D /* pkcs11_test.c */; };
		88DC85191D9F0BB3008F174D /* debug.c in Sources */ = {isa = PBXBuildFile; fileRef = 88DC84F51D9EEF64008F174D /* debug.c */; };
/* End PBXBuildFile section */

/* Begin PBXCopyFilesBuildPhase section */
		88DC850F1D9F0829008F174D /* CopyFiles */ = {
			isa = PBXCopyFilesBuildPhase;
			buildActionMask = 2147483647;
			dstPath = /usr/share/man/man1/;
			dstSubfolderSpec = 0;
			files = (
			);
			runOnlyForDeploymentPostprocessing = 1;
		};
/* End PBXCopyFilesBuildPhase section */

/* Begin PBXFileReference section */
		88DC84CF1D9EBB3D008F174D /* keychain_pkcs11.dylib */ = {isa = PBXFileReference; explicitFileType = "compiled.mach-o.dylib"; includeInIndex = 0; path = keychain_pkcs11.dylib; sourceTree = BUILT_PRODUCTS_DIR; };
		88DC84DC1D9ED13F008F174D /* COPYING */ = {isa = PBXFileReference; fileEncoding = 4; lastKnownFileType = text; path = COPYING; sourceTree = "<group>"; };
		88DC84DD1D9ED13F008F174D /* README */ = {isa = PBXFileReference; fileEncoding = 4; lastKnownFileType = text; path = README; sourceTree = "<group>"; };
		88DC84DE1D9ED1D4008F174D /* keychain_pkcs11.c */ = {isa = PBXFileReference; fileEncoding = 4; lastKnownFileType = sourcecode.c.c; path = keychain_pkcs11.c; sourceTree = "<group>"; };
		88DC84E01D9ED1FB008F174D /* keychain_pkcs11.h */ = {isa = PBXFileReference; fileEncoding = 4; lastKnownFileType = sourcecode.c.h; path = keychain_pkcs11.h; sourceTree = "<group>"; };
		88DC84E61D9EDF45008F174D /* README */ = {isa = PBXFileReference; fileEncoding = 4; lastKnownFileType = text; path = README; sourceTree = "<group>"; };
		88DC84E81D9EE07F008F174D /* pkcs11.h */ = {isa = PBXFileReference; fileEncoding = 4; lastKnownFileType = sourcecode.c.h; path = pkcs11.h; sourceTree = "<group>"; };
		88DC84EB1D9EE11C008F174D /* constants.h */ = {isa = PBXFileReference; fileEncoding = 4; lastKnownFileType = sourcecode.c.h; path = constants.h; sourceTree = "<group>"; };
		88DC84EC1D9EE11C008F174D /* support_funcs.h */ = {isa = PBXFileReference; fileEncoding = 4; lastKnownFileType = sourcecode.c.h; path = support_funcs.h; sourceTree = "<group>"; };
		88DC84EF1D9EE26B008F174D /* types.h */ = {isa = PBXFileReference; fileEncoding = 4; lastKnownFileType = sourcecode.c.h; path = types.h; sourceTree = "<group>"; };
		88DC84F11D9EE3B2008F174D /* debug.h */ = {isa = PBXFileReference; fileEncoding = 4; lastKnownFileType = sourcecode.c.h; path = debug.h; sourceTree = "<group>"; };
		88DC84F51D9EEF64008F174D /* debug.c */ = {isa = PBXFileReference; fileEncoding = 4; lastKnownFileType = sourcecode.c.c; path = debug.c; sourceTree = "<group>"; };
		88DC84F61D9EEF64008F174D /* support_funcs.c */ = {isa = PBXFileReference; fileEncoding = 4; lastKnownFileType = sourcecode.c.c; path = support_funcs.c; sourceTree = "<group>"; };
		88DC84F91D9EF3CE008F174D /* preferences.h */ = {isa = PBXFileReference; fileEncoding = 4; lastKnownFileType = sourcecode.c.h; path = preferences.h; sourceTree = "<group>"; };
		88DC84FB1D9EF53A008F174D /* preferences.c */ = {isa = PBXFileReference; fileEncoding = 4; lastKnownFileType = sourcecode.c.c; path = preferences.c; sourceTree = "<group>"; };
		88DC85111D9F0829008F174D /* pkcs11_test */ = {isa = PBXFileReference; explicitFileType = "compiled.mach-o.executable"; includeInIndex = 0; path = pkcs11_test; sourceTree = BUILT_PRODUCTS_DIR; };
		88DC85131D9F082A008F174D /* pkcs11_test.c */ = {isa = PBXFileReference; lastKnownFileType = sourcecode.c.c; path = pkcs11_test.c; sourceTree = "<group>"; };
/* End PBXFileReference section */

/* Begin PBXFrameworksBuildPhase section */
		88DC84CC1D9EBB3D008F174D /* Frameworks */ = {
			isa = PBXFrameworksBuildPhase;
			buildActionMask = 2147483647;
			files = (
			);
			runOnlyForDeploymentPostprocessing = 0;
		};
		88DC850E1D9F0829008F174D /* Frameworks */ = {
			isa = PBXFrameworksBuildPhase;
			buildActionMask = 2147483647;
			files = (
			);
			runOnlyForDeploymentPostprocessing = 0;
		};
/* End PBXFrameworksBuildPhase section */

/* Begin PBXGroup section */
		88DC84C61D9EBB3D008F174D = {
			isa = PBXGroup;
			children = (
				88DC84DC1D9ED13F008F174D /* COPYING */,
				88DC84DD1D9ED13F008F174D /* README */,
				88DC84E31D9EDF45008F174D /* 3rdParty */,
				88DC84D81D9ECFE4008F174D /* Source */,
				88DC85121D9F082A008F174D /* Test */,
				88DC84D91D9ED05A008F174D /* Frameworks */,
				88DC84D01D9EBB3D008F174D /* Products */,
			);
			sourceTree = "<group>";
		};
		88DC84D01D9EBB3D008F174D /* Products */ = {
			isa = PBXGroup;
			children = (
				88DC84CF1D9EBB3D008F174D /* keychain_pkcs11.dylib */,
				88DC85111D9F0829008F174D /* pkcs11_test */,
			);
			name = Products;
			sourceTree = "<group>";
		};
		88DC84D81D9ECFE4008F174D /* Source */ = {
			isa = PBXGroup;
			children = (
				88DC84EB1D9EE11C008F174D /* constants.h */,
				88DC84F11D9EE3B2008F174D /* debug.h */,
				88DC84F51D9EEF64008F174D /* debug.c */,
				88DC84E01D9ED1FB008F174D /* keychain_pkcs11.h */,
				88DC84DE1D9ED1D4008F174D /* keychain_pkcs11.c */,
				88DC84F91D9EF3CE008F174D /* preferences.h */,
				88DC84FB1D9EF53A008F174D /* preferences.c */,
				88DC84EC1D9EE11C008F174D /* support_funcs.h */,
				88DC84F61D9EEF64008F174D /* support_funcs.c */,
				88DC84EF1D9EE26B008F174D /* types.h */,
			);
			path = Source;
			sourceTree = "<group>";
		};
		88DC84D91D9ED05A008F174D /* Frameworks */ = {
			isa = PBXGroup;
			children = (
			);
			name = Frameworks;
			sourceTree = "<group>";
		};
		88DC84E31D9EDF45008F174D /* 3rdParty */ = {
			isa = PBXGroup;
			children = (
				88DC84E41D9EDF45008F174D /* scute */,
			);
			path = 3rdParty;
			sourceTree = "<group>";
		};
		88DC84E41D9EDF45008F174D /* scute */ = {
			isa = PBXGroup;
			children = (
				88DC84E61D9EDF45008F174D /* README */,
				88DC84E81D9EE07F008F174D /* pkcs11.h */,
			);
			path = scute;
			sourceTree = "<group>";
		};
		88DC85121D9F082A008F174D /* Test */ = {
			isa = PBXGroup;
			children = (
				88DC85131D9F082A008F174D /* pkcs11_test.c */,
			);
			path = Test;
			sourceTree = "<group>";
		};
/* End PBXGroup section */

/* Begin PBXHeadersBuildPhase section */
		88DC84CD1D9EBB3D008F174D /* Headers */ = {
			isa = PBXHeadersBuildPhase;
			buildActionMask = 2147483647;
			files = (
				88DC84F21D9EE3B2008F174D /* debug.h in Headers */,
				88DC84FA1D9EF3CE008F174D /* preferences.h in Headers */,
				88DC84EE1D9EE11C008F174D /* support_funcs.h in Headers */,
				88DC84ED1D9EE11C008F174D /* constants.h in Headers */,
				88DC84E11D9ED1FB008F174D /* keychain_pkcs11.h in Headers */,
				88DC84F01D9EE26B008F174D /* types.h in Headers */,
				88DC84EA1D9EE097008F174D /* pkcs11.h in Headers */,
			);
			runOnlyForDeploymentPostprocessing = 0;
		};
/* End PBXHeadersBuildPhase section */

/* Begin PBXNativeTarget section */
		88DC84CE1D9EBB3D008F174D /* keychain_pkcs11 */ = {
			isa = PBXNativeTarget;
			buildConfigurationList = 88DC84D31D9EBB3D008F174D /* Build configuration list for PBXNativeTarget "keychain_pkcs11" */;
			buildPhases = (
				88DC84CB1D9EBB3D008F174D /* Sources */,
				88DC84CC1D9EBB3D008F174D /* Frameworks */,
				88DC84CD1D9EBB3D008F174D /* Headers */,
			);
			buildRules = (
			);
			dependencies = (
			);
			name = keychain_pkcs11;
			productName = KeychainToken;
			productReference = 88DC84CF1D9EBB3D008F174D /* keychain_pkcs11.dylib */;
			productType = "com.apple.product-type.library.dynamic";
		};
		88DC85101D9F0829008F174D /* pkcs11_test */ = {
			isa = PBXNativeTarget;
			buildConfigurationList = 88DC85171D9F082A008F174D /* Build configuration list for PBXNativeTarget "pkcs11_test" */;
			buildPhases = (
				88DC850D1D9F0829008F174D /* Sources */,
				88DC850E1D9F0829008F174D /* Frameworks */,
				88DC850F1D9F0829008F174D /* CopyFiles */,
			);
			buildRules = (
			);
			dependencies = (
			);
			name = pkcs11_test;
			productName = pkcs11_test;
			productReference = 88DC85111D9F0829008F174D /* pkcs11_test */;
			productType = "com.apple.product-type.tool";
		};
/* End PBXNativeTarget section */

/* Begin PBXProject section */
		88DC84C71D9EBB3D008F174D /* Project object */ = {
			isa = PBXProject;
			attributes = {
				CLASSPREFIX = "";
				LastUpgradeCheck = 0800;
				ORGANIZATIONNAME = "Jay Kline";
				TargetAttributes = {
					88DC84CE1D9EBB3D008F174D = {
						CreatedOnToolsVersion = 8.0;
						ProvisioningStyle = Automatic;
					};
					88DC85101D9F0829008F174D = {
						CreatedOnToolsVersion = 8.0;
						ProvisioningStyle = Automatic;
					};
				};
			};
			buildConfigurationList = 88DC84CA1D9EBB3D008F174D /* Build configuration list for PBXProject "KeychainToken" */;
			compatibilityVersion = "Xcode 3.2";
			developmentRegion = English;
			hasScannedForEncodings = 0;
			knownRegions = (
				en,
			);
			mainGroup = 88DC84C61D9EBB3D008F174D;
			productRefGroup = 88DC84D01D9EBB3D008F174D /* Products */;
			projectDirPath = "";
			projectRoot = "";
			targets = (
				88DC84CE1D9EBB3D008F174D /* keychain_pkcs11 */,
				88DC85101D9F0829008F174D /* pkcs11_test */,
			);
		};
/* End PBXProject section */

/* Begin PBXSourcesBuildPhase section */
		88DC84CB1D9EBB3D008F174D /* Sources */ = {
			isa = PBXSourcesBuildPhase;
			buildActionMask = 2147483647;
			files = (
				88DC84FC1D9EF53A008F174D /* preferences.c in Sources */,
				88DC84DF1D9ED1D4008F174D /* keychain_pkcs11.c in Sources */,
				88DC84F71D9EEF64008F174D /* debug.c in Sources */,
				88DC84F81D9EEF64008F174D /* support_funcs.c in Sources */,
			);
			runOnlyForDeploymentPostprocessing = 0;
		};
		88DC850D1D9F0829008F174D /* Sources */ = {
			isa = PBXSourcesBuildPhase;
			buildActionMask = 2147483647;
			files = (
				88DC85141D9F082A008F174D /* pkcs11_test.c in Sources */,
				88DC85191D9F0BB3008F174D /* debug.c in Sources */,
			);
			runOnlyForDeploymentPostprocessing = 0;
		};
/* End PBXSourcesBuildPhase section */

/* Begin XCBuildConfiguration section */
		88DC84D11D9EBB3D008F174D /* Debug */ = {
			isa = XCBuildConfiguration;
			buildSettings = {
				ALWAYS_SEARCH_USER_PATHS = NO;
				ARCHS = "$(ARCHS_STANDARD_32_64_BIT)";
				CLANG_ANALYZER_NONNULL = YES;
				CLANG_CXX_LANGUAGE_STANDARD = "gnu++0x";
				CLANG_CXX_LIBRARY = "libc++";
				CLANG_ENABLE_MODULES = YES;
				CLANG_ENABLE_OBJC_ARC = YES;
				CLANG_WARN_BOOL_CONVERSION = YES;
				CLANG_WARN_CONSTANT_CONVERSION = YES;
				CLANG_WARN_DIRECT_OBJC_ISA_USAGE = YES_ERROR;
				CLANG_WARN_DOCUMENTATION_COMMENTS = YES;
				CLANG_WARN_EMPTY_BODY = YES;
				CLANG_WARN_ENUM_CONVERSION = YES;
				CLANG_WARN_INFINITE_RECURSION = YES;
				CLANG_WARN_INT_CONVERSION = YES;
				CLANG_WARN_OBJC_ROOT_CLASS = YES_ERROR;
				CLANG_WARN_SUSPICIOUS_MOVES = YES;
				CLANG_WARN_UNREACHABLE_CODE = YES;
				CLANG_WARN__DUPLICATE_METHOD_MATCH = YES;
				COPY_PHASE_STRIP = NO;
				DEBUG_INFORMATION_FORMAT = dwarf;
				ENABLE_STRICT_OBJC_MSGSEND = YES;
				ENABLE_TESTABILITY = YES;
				GCC_C_LANGUAGE_STANDARD = gnu99;
				GCC_DYNAMIC_NO_PIC = NO;
				GCC_NO_COMMON_BLOCKS = YES;
				GCC_OPTIMIZATION_LEVEL = 0;
				GCC_PREPROCESSOR_DEFINITIONS = (
					"DEBUG=1",
					"DEBUG_LEVEL=DEBUG_VERBOSE",
					"$(inherited)",
				);
				GCC_WARN_64_TO_32_BIT_CONVERSION = YES;
				GCC_WARN_ABOUT_DEPRECATED_FUNCTIONS = YES;
				GCC_WARN_ABOUT_RETURN_TYPE = YES_ERROR;
				GCC_WARN_UNDECLARED_SELECTOR = YES;
				GCC_WARN_UNINITIALIZED_AUTOS = YES_AGGRESSIVE;
				GCC_WARN_UNUSED_FUNCTION = YES;
				GCC_WARN_UNUSED_VARIABLE = YES;
				INSTALL_PREFIX = /usr/local;
				MTL_ENABLE_DEBUG_INFO = YES;
				ONLY_ACTIVE_ARCH = YES;
				P11_MODULE_PATH = "$(INSTALL_PREFIX)/lib/pkcs11";
				SDKROOT = macosx;
			};
			name = Debug;
		};
		88DC84D21D9EBB3D008F174D /* Release */ = {
			isa = XCBuildConfiguration;
			buildSettings = {
				ALWAYS_SEARCH_USER_PATHS = NO;
				ARCHS = "$(ARCHS_STANDARD_32_64_BIT)";
				CLANG_ANALYZER_NONNULL = YES;
				CLANG_CXX_LANGUAGE_STANDARD = "gnu++0x";
				CLANG_CXX_LIBRARY = "libc++";
				CLANG_ENABLE_MODULES = YES;
				CLANG_ENABLE_OBJC_ARC = YES;
				CLANG_WARN_BOOL_CONVERSION = YES;
				CLANG_WARN_CONSTANT_CONVERSION = YES;
				CLANG_WARN_DIRECT_OBJC_ISA_USAGE = YES_ERROR;
				CLANG_WARN_DOCUMENTATION_COMMENTS = YES;
				CLANG_WARN_EMPTY_BODY = YES;
				CLANG_WARN_ENUM_CONVERSION = YES;
				CLANG_WARN_INFINITE_RECURSION = YES;
				CLANG_WARN_INT_CONVERSION = YES;
				CLANG_WARN_OBJC_ROOT_CLASS = YES_ERROR;
				CLANG_WARN_SUSPICIOUS_MOVES = YES;
				CLANG_WARN_UNREACHABLE_CODE = YES;
				CLANG_WARN__DUPLICATE_METHOD_MATCH = YES;
				COPY_PHASE_STRIP = NO;
				DEBUG_INFORMATION_FORMAT = "dwarf-with-dsym";
				ENABLE_NS_ASSERTIONS = NO;
				ENABLE_STRICT_OBJC_MSGSEND = YES;
				GCC_C_LANGUAGE_STANDARD = gnu99;
				GCC_NO_COMMON_BLOCKS = YES;
				GCC_WARN_64_TO_32_BIT_CONVERSION = YES;
				GCC_WARN_ABOUT_DEPRECATED_FUNCTIONS = YES;
				GCC_WARN_ABOUT_RETURN_TYPE = YES_ERROR;
				GCC_WARN_UNDECLARED_SELECTOR = YES;
				GCC_WARN_UNINITIALIZED_AUTOS = YES_AGGRESSIVE;
				GCC_WARN_UNUSED_FUNCTION = YES;
				GCC_WARN_UNUSED_VARIABLE = YES;
				INSTALL_PREFIX = /usr/local;
				MTL_ENABLE_DEBUG_INFO = NO;
				P11_MODULE_PATH = "$(INSTALL_PREFIX)/lib/pkcs11";
				SDKROOT = macosx;
			};
			name = Release;
		};
		88DC84D41D9EBB3D008F174D /* Debug */ = {
			isa = XCBuildConfiguration;
			buildSettings = {
				DYLIB_COMPATIBILITY_VERSION = 1;
				DYLIB_CURRENT_VERSION = 1;
				GCC_WARN_ABOUT_DEPRECATED_FUNCTIONS = NO;
				INSTALL_PATH = "$(P11_MODULE_PATH)";
				LIBRARY_SEARCH_PATHS = "$(OPENSSL_PREFIX)/lib";
				OPENSSL_PREFIX = /usr/local/opt/openssl;
				OTHER_CFLAGS = "-isystem$(OPENSSL_PREFIX)/include";
				OTHER_LDFLAGS = "-lcrypto";
				PRODUCT_NAME = "$(TARGET_NAME)";
			};
			name = Debug;
		};
		88DC84D51D9EBB3D008F174D /* Release */ = {
			isa = XCBuildConfiguration;
			buildSettings = {
				DYLIB_COMPATIBILITY_VERSION = 1;
				DYLIB_CURRENT_VERSION = 1;
				GCC_WARN_ABOUT_DEPRECATED_FUNCTIONS = NO;
				INSTALL_PATH = "$(P11_MODULE_PATH)";
				LIBRARY_SEARCH_PATHS = "$(OPENSSL_PREFIX)/lib";
				OPENSSL_PREFIX = /usr/local/opt/openssl;
				OTHER_CFLAGS = "-isystem$(OPENSSL_PREFIX)/include";
				OTHER_LDFLAGS = "-lcrypto";
				PRODUCT_NAME = "$(TARGET_NAME)";
			};
			name = Release;
		};
		88DC85151D9F082A008F174D /* Debug */ = {
			isa = XCBuildConfiguration;
			buildSettings = {
				INSTALL_PATH = "$(INSTALL_PREFIX)/bin";
				PRODUCT_NAME = "$(TARGET_NAME)";
			};
			name = Debug;
		};
		88DC85161D9F082A008F174D /* Release */ = {
			isa = XCBuildConfiguration;
			buildSettings = {
				INSTALL_PATH = "$(INSTALL_PREFIX)/bin";
				PRODUCT_NAME = "$(TARGET_NAME)";
			};
			name = Release;
		};
/* End XCBuildConfiguration section */

/* Begin XCConfigurationList section */
		88DC84CA1D9EBB3D008F174D /* Build configuration list for PBXProject "KeychainToken" */ = {
			isa = XCConfigurationList;
			buildConfigurations = (
				88DC84D11D9EBB3D008F174D /* Debug */,
				88DC84D21D9EBB3D008F174D /* Release */,
			);
			defaultConfigurationIsVisible = 0;
			defaultConfigurationName = Release;
		};
		88DC84D31D9EBB3D008F174D /* Build configuration list for PBXNativeTarget "keychain_pkcs11" */ = {
			isa = XCConfigurationList;
			buildConfigurations = (
				88DC84D41D9EBB3D008F174D /* Debug */,
				88DC84D51D9EBB3D008F174D /* Release */,
			);
			defaultConfigurationIsVisible = 0;
			defaultConfigurationName = Release;
		};
		88DC85171D9F082A008F174D /* Build configuration list for PBXNativeTarget "pkcs11_test" */ = {
			isa = XCConfigurationList;
			buildConfigurations = (
				88DC85151D9F082A008F174D /* Debug */,
				88DC85161D9F082A008F174D /* Release */,
			);
			defaultConfigurationIsVisible = 0;
		};
/* End XCConfigurationList section */
	};
	rootObject = 88DC84C71D9EBB3D008F174D /* Project object */;
}
